{
  "nodes": {
    "Azrael": {
      "inputs": {
        "home-manager": "home-manager",
        "lingshin": "lingshin",
        "nixpkgs": [
          "nixpkgs"
        ]
      },
      "locked": {
        "path": "./hosts/Azrael",
        "type": "path"
      },
      "original": {
        "path": "./hosts/Azrael",
        "type": "path"
      },
      "parent": []
    },
    "home-manager": {
      "inputs": {
        "nixpkgs": [
          "Azrael",
          "nixpkgs"
        ]
      },
      "locked": {
        "lastModified": 1758463745,
        "narHash": "sha256-uhzsV0Q0I9j2y/rfweWeGif5AWe0MGrgZ/3TjpDYdGA=",
        "owner": "nix-community",
        "repo": "home-manager",
        "rev": "3b955f5f0a942f9f60cdc9cacb7844335d0f21c3",
        "type": "github"
      },
      "original": {
        "owner": "nix-community",
        "ref": "release-25.05",
        "repo": "home-manager",
        "type": "github"
      }
    },
    "lazy-nvim": {
      "flake": false,
      "locked": {
        "lastModified": 1762421181,
        "narHash": "sha256-h5404njTAfqMJFQ3MAr2PWSbV81eS4aIs0cxAXkT0EM=",
        "owner": "folke",
        "repo": "lazy.nvim",
        "rev": "85c7ff3711b730b4030d03144f6db6375044ae82",
        "type": "github"
      },
      "original": {
        "owner": "folke",
        "ref": "stable",
        "repo": "lazy.nvim",
        "type": "github"
      }
    },
    "lingshin": {
      "inputs": {
        "lazy-nvim": "lazy-nvim",
        "mpv-modernx": "mpv-modernx",
        "nixpkgs": [
          "Azrael",
          "nixpkgs"
        ],
        "nvim": "nvim"
      },
      "locked": {
        "path": "../../home/lingshin",
        "type": "path"
      },
      "original": {
        "path": "../../home/lingshin",
        "type": "path"
      },
      "parent": [
        "Azrael"
      ]
    },
    "mpv-modernx": {
      "flake": false,
      "locked": {
        "lastModified": 1712549438,
        "narHash": "sha256-q7DwyfmOIM7K1L7vvCpq1EM0RVpt9E/drhAa9rLYb1k=",
        "owner": "cyl0",
        "repo": "ModernX",
        "rev": "3f2ed6b993059c6986bf34be3998048c50547187",
        "type": "github"
      },
      "original": {
        "owner": "cyl0",
        "repo": "ModernX",
        "type": "github"
      }
    },
    "nixpkgs": {
      "locked": {
        "lastModified": 1763049705,
        "narHash": "sha256-A5LS0AJZ1yDPTa2fHxufZN++n8MCmtgrJDtxFxrH4S8=",
        "owner": "NixOS",
        "repo": "nixpkgs",
        "rev": "3acb677ea67d4c6218f33de0db0955f116b7588c",
        "type": "github"
      },
      "original": {
        "owner": "NixOS",
        "ref": "nixos-25.05",
        "repo": "nixpkgs",
        "type": "github"
      }
    },
    "nvim": {
      "inputs": {
        "nixpkgs": [
          "Azrael",
          "lingshin",
          "nixpkgs"
        ]
      },
      "locked": {
        "lastModified": 1762960364,
        "narHash": "sha256-gPFJ6MZvUwgI9shPAE8sRBwcOwRH65Dz4Xdf1iJGCGg=",
        "owner": "lingshinx",
        "repo": "nvim-config",
        "rev": "fe775255a05a372a31ffe441bd64494a2230a7d2",
        "type": "github"
      },
      "original": {
        "owner": "lingshinx",
        "repo": "nvim-config",
        "type": "github"
      }
    },
    "root": {
      "inputs": {
        "Azrael": "Azrael",
        "nixpkgs": "nixpkgs"
      }
    }
  },
  "root": "root",
  "version": 7
}
