{
  "nodes": {
    "Azrael": {
      "inputs": {
        "home-manager": "home-manager",
        "lingshin": "lingshin",
        "nix-index-database": "nix-index-database",
        "nixpkgs": [
          "nixpkgs"
        ],
        "plymouth-theme-lagtrain": "plymouth-theme-lagtrain",
        "silentSDDM": "silentSDDM"
      },
      "locked": {
        "path": "./hosts/Azrael",
        "type": "path"
      },
      "original": {
        "path": "./hosts/Azrael",
        "type": "path"
      },
      "parent": []
    },
    "flake-parts": {
      "inputs": {
        "nixpkgs-lib": "nixpkgs-lib"
      },
      "locked": {
        "lastModified": 1762980239,
        "narHash": "sha256-8oNVE8TrD19ulHinjaqONf9QWCKK+w4url56cdStMpM=",
        "owner": "hercules-ci",
        "repo": "flake-parts",
        "rev": "52a2caecc898d0b46b2b905f058ccc5081f842da",
        "type": "github"
      },
      "original": {
        "owner": "hercules-ci",
        "repo": "flake-parts",
        "type": "github"
      }
    },
    "flake-parts_2": {
      "inputs": {
        "nixpkgs-lib": "nixpkgs-lib_2"
      },
      "locked": {
        "lastModified": 1763759067,
        "narHash": "sha256-LlLt2Jo/gMNYAwOgdRQBrsRoOz7BPRkzvNaI/fzXi2Q=",
        "owner": "hercules-ci",
        "repo": "flake-parts",
        "rev": "2cccadc7357c0ba201788ae99c4dfa90728ef5e0",
        "type": "github"
      },
      "original": {
        "owner": "hercules-ci",
        "repo": "flake-parts",
        "type": "github"
      }
    },
    "flake-parts_3": {
      "inputs": {
        "nixpkgs-lib": "nixpkgs-lib_3"
      },
      "locked": {
        "lastModified": 1763759067,
        "narHash": "sha256-LlLt2Jo/gMNYAwOgdRQBrsRoOz7BPRkzvNaI/fzXi2Q=",
        "owner": "hercules-ci",
        "repo": "flake-parts",
        "rev": "2cccadc7357c0ba201788ae99c4dfa90728ef5e0",
        "type": "github"
      },
      "original": {
        "owner": "hercules-ci",
        "repo": "flake-parts",
        "type": "github"
      }
    },
    "home-manager": {
      "inputs": {
        "nixpkgs": [
          "Azrael",
          "nixpkgs"
        ]
      },
      "locked": {
        "lastModified": 1764194569,
        "narHash": "sha256-iUM9ktarEzThkayyZrzQ7oycPshAY2XRQqVKz0xX/L0=",
        "owner": "nix-community",
        "repo": "home-manager",
        "rev": "9651819d75f6c7ffaf8a9227490ac704f29659f0",
        "type": "github"
      },
      "original": {
        "owner": "nix-community",
        "repo": "home-manager",
        "type": "github"
      }
    },
    "home-manager_2": {
      "inputs": {
        "nixpkgs": [
          "Azrael",
          "lingshin",
          "nixpkgs"
        ]
      },
      "locked": {
        "lastModified": 1764194569,
        "narHash": "sha256-iUM9ktarEzThkayyZrzQ7oycPshAY2XRQqVKz0xX/L0=",
        "owner": "nix-community",
        "repo": "home-manager",
        "rev": "9651819d75f6c7ffaf8a9227490ac704f29659f0",
        "type": "github"
      },
      "original": {
        "owner": "nix-community",
        "repo": "home-manager",
        "type": "github"
      }
    },
    "lingshin": {
      "inputs": {
        "home-manager": "home-manager_2",
        "nixpkgs": [
          "Azrael",
          "nixpkgs"
        ],
        "nvim": "nvim",
        "plasma-manager": "plasma-manager"
      },
      "locked": {
        "path": "../../home/lingshin",
        "type": "path"
      },
      "original": {
        "path": "../../home/lingshin",
        "type": "path"
      },
      "parent": [
        "Azrael"
      ]
    },
    "nix-index-database": {
      "inputs": {
        "nixpkgs": [
          "Azrael",
          "nixpkgs"
        ]
      },
      "locked": {
        "lastModified": 1763870992,
        "narHash": "sha256-NPyc76Wxmv/vAsXJ8F+/8fXECHYcv2YGSqdiSHp/F/A=",
        "owner": "nix-community",
        "repo": "nix-index-database",
        "rev": "d7423982c7a26586aa237d130b14c8b302c7a367",
        "type": "github"
      },
      "original": {
        "owner": "nix-community",
        "repo": "nix-index-database",
        "type": "github"
      }
    },
    "nixpkgs": {
      "locked": {
        "lastModified": 1763966396,
        "narHash": "sha256-6eeL1YPcY1MV3DDStIDIdy/zZCDKgHdkCmsrLJFiZf0=",
        "owner": "NixOS",
        "repo": "nixpkgs",
        "rev": "5ae3b07d8d6527c42f17c876e404993199144b6a",
        "type": "github"
      },
      "original": {
        "owner": "NixOS",
        "ref": "nixos-unstable",
        "repo": "nixpkgs",
        "type": "github"
      }
    },
    "nixpkgs-lib": {
      "locked": {
        "lastModified": 1761765539,
        "narHash": "sha256-b0yj6kfvO8ApcSE+QmA6mUfu8IYG6/uU28OFn4PaC8M=",
        "owner": "nix-community",
        "repo": "nixpkgs.lib",
        "rev": "719359f4562934ae99f5443f20aa06c2ffff91fc",
        "type": "github"
      },
      "original": {
        "owner": "nix-community",
        "repo": "nixpkgs.lib",
        "type": "github"
      }
    },
    "nixpkgs-lib_2": {
      "locked": {
        "lastModified": 1761765539,
        "narHash": "sha256-b0yj6kfvO8ApcSE+QmA6mUfu8IYG6/uU28OFn4PaC8M=",
        "owner": "nix-community",
        "repo": "nixpkgs.lib",
        "rev": "719359f4562934ae99f5443f20aa06c2ffff91fc",
        "type": "github"
      },
      "original": {
        "owner": "nix-community",
        "repo": "nixpkgs.lib",
        "type": "github"
      }
    },
    "nixpkgs-lib_3": {
      "locked": {
        "lastModified": 1761765539,
        "narHash": "sha256-b0yj6kfvO8ApcSE+QmA6mUfu8IYG6/uU28OFn4PaC8M=",
        "owner": "nix-community",
        "repo": "nixpkgs.lib",
        "rev": "719359f4562934ae99f5443f20aa06c2ffff91fc",
        "type": "github"
      },
      "original": {
        "owner": "nix-community",
        "repo": "nixpkgs.lib",
        "type": "github"
      }
    },
    "nvim": {
      "inputs": {
        "flake-parts": "flake-parts",
        "nixpkgs": [
          "Azrael",
          "lingshin",
          "nixpkgs"
        ]
      },
      "locked": {
        "lastModified": 1763863872,
        "narHash": "sha256-KebMXNG76o0ieLxvaF+I/mDvhqQdqgQXju+mRVjwZ+k=",
        "owner": "lingshinx",
        "repo": "nvim-config",
        "rev": "a0f9af60646c74dc992e4b3f5d671081246810fb",
        "type": "github"
      },
      "original": {
        "owner": "lingshinx",
        "ref": "flake",
        "repo": "nvim-config",
        "type": "github"
      }
    },
    "plasma-manager": {
      "inputs": {
        "home-manager": [
          "Azrael",
          "lingshin",
          "home-manager"
        ],
        "nixpkgs": [
          "Azrael",
          "lingshin",
          "nixpkgs"
        ]
      },
      "locked": {
        "lastModified": 1763909441,
        "narHash": "sha256-56LwV51TX/FhgX+5LCG6akQ5KrOWuKgcJa+eUsRMxsc=",
        "owner": "nix-community",
        "repo": "plasma-manager",
        "rev": "b24ed4b272256dfc1cc2291f89a9821d5f9e14b4",
        "type": "github"
      },
      "original": {
        "owner": "nix-community",
        "repo": "plasma-manager",
        "type": "github"
      }
    },
    "plymouth-theme-lagtrain": {
      "inputs": {
        "flake-parts": "flake-parts_2",
        "nixpkgs": [
          "Azrael",
          "nixpkgs"
        ]
      },
      "locked": {
        "lastModified": 1764007369,
        "narHash": "sha256-eNuGWXE5HXB4nkK7zRR+5+73gvpmHUF7CG08oPEDZxA=",
        "owner": "lingshinx",
        "repo": "plymouth-theme-lagtrain",
        "rev": "e3efc518f1d4b33f0f29f504e8b9ad504699ca2f",
        "type": "github"
      },
      "original": {
        "owner": "lingshinx",
        "repo": "plymouth-theme-lagtrain",
        "type": "github"
      }
    },
    "root": {
      "inputs": {
        "Azrael": "Azrael",
        "nixpkgs": "nixpkgs"
      }
    },
    "silentSDDM": {
      "inputs": {
        "flake-parts": "flake-parts_3",
        "nixpkgs": [
          "Azrael",
          "nixpkgs"
        ]
      },
      "locked": {
        "lastModified": 1763832516,
        "narHash": "sha256-ChN50iU6CN9bxRzQk1UeEpcQcXfUFfohO2wzi2/iDeI=",
        "owner": "lingshinx",
        "repo": "SilentSDDM",
        "rev": "2da22a0cff2c4b1208c2835ff153d3399be71ec9",
        "type": "github"
      },
      "original": {
        "owner": "lingshinx",
        "ref": "develop",
        "repo": "SilentSDDM",
        "type": "github"
      }
    }
  },
  "root": "root",
  "version": 7
}
