{
  "nodes": {
    "lazy-nvim": {
      "flake": false,
      "locked": {
        "lastModified": 1762421181,
        "narHash": "sha256-h5404njTAfqMJFQ3MAr2PWSbV81eS4aIs0cxAXkT0EM=",
        "owner": "folke",
        "repo": "lazy.nvim",
        "rev": "85c7ff3711b730b4030d03144f6db6375044ae82",
        "type": "github"
      },
      "original": {
        "owner": "folke",
        "ref": "stable",
        "repo": "lazy.nvim",
        "type": "github"
      }
    },
    "mpv-modernx": {
      "flake": false,
      "locked": {
        "lastModified": 1712549438,
        "narHash": "sha256-q7DwyfmOIM7K1L7vvCpq1EM0RVpt9E/drhAa9rLYb1k=",
        "owner": "cyl0",
        "repo": "ModernX",
        "rev": "3f2ed6b993059c6986bf34be3998048c50547187",
        "type": "github"
      },
      "original": {
        "owner": "cyl0",
        "repo": "ModernX",
        "type": "github"
      }
    },
    "nixpkgs": {
      "locked": {
        "lastModified": 1763421233,
        "narHash": "sha256-Stk9ZYRkGrnnpyJ4eqt9eQtdFWRRIvMxpNRf4sIegnw=",
        "owner": "NixOS",
        "repo": "nixpkgs",
        "rev": "89c2b2330e733d6cdb5eae7b899326930c2c0648",
        "type": "github"
      },
      "original": {
        "owner": "NixOS",
        "ref": "nixos-unstable",
        "repo": "nixpkgs",
        "type": "github"
      }
    },
    "nvim": {
      "inputs": {
        "nixpkgs": [
          "nixpkgs"
        ]
      },
      "locked": {
        "lastModified": 1763467314,
        "narHash": "sha256-CP2awZlE6qqzeddipM917WjwjKj/Q9sOzGUt8kgLdIU=",
        "owner": "lingshinx",
        "repo": "nvim-config",
        "rev": "fe5f90f3b163f03a9f516e4f34a34c36acd9e207",
        "type": "github"
      },
      "original": {
        "owner": "lingshinx",
        "ref": "v0.3",
        "repo": "nvim-config",
        "type": "github"
      }
    },
    "root": {
      "inputs": {
        "lazy-nvim": "lazy-nvim",
        "mpv-modernx": "mpv-modernx",
        "nixpkgs": "nixpkgs",
        "nvim": "nvim"
      }
    }
  },
  "root": "root",
  "version": 7
}
